// !$*UTF8*$!
{
	archiveVersion = 1;
	classes = {
	};
	objectVersion = 50;
	objects = {

/* Begin PBXBuildFile section */
		DC2DD9DE2380945100D060DC /* Constants.swift in Sources */ = {isa = PBXBuildFile; fileRef = DC2DD9DD2380945100D060DC /* Constants.swift */; };
		DC2DD9E02380954700D060DC /* BImageView.swift in Sources */ = {isa = PBXBuildFile; fileRef = DC2DD9DF2380954700D060DC /* BImageView.swift */; };
		DC2DD9E42380989500D060DC /* Color.swift in Sources */ = {isa = PBXBuildFile; fileRef = DC2DD9E32380989500D060DC /* Color.swift */; };
		DC2DD9E623809F8A00D060DC /* BTitle.swift in Sources */ = {isa = PBXBuildFile; fileRef = DC2DD9E523809F8A00D060DC /* BTitle.swift */; };
		DC2DD9E82380A49A00D060DC /* WavyModal.swift in Sources */ = {isa = PBXBuildFile; fileRef = DC2DD9E72380A49A00D060DC /* WavyModal.swift */; };
		DC2DD9EA2380B08500D060DC /* BLabel.swift in Sources */ = {isa = PBXBuildFile; fileRef = DC2DD9E92380B08500D060DC /* BLabel.swift */; };
		DC39E21D2380D9320089377E /* WalkViewController.swift in Sources */ = {isa = PBXBuildFile; fileRef = DC39E21C2380D9320089377E /* WalkViewController.swift */; };
		DC39E21F2380E5C10089377E /* NotificationsViewController.swift in Sources */ = {isa = PBXBuildFile; fileRef = DC39E21E2380E5C10089377E /* NotificationsViewController.swift */; };
		DC39E2212380E5F10089377E /* StepViewController.swift in Sources */ = {isa = PBXBuildFile; fileRef = DC39E2202380E5F10089377E /* StepViewController.swift */; };
		DC39E2232380E6090089377E /* BTabViewController.swift in Sources */ = {isa = PBXBuildFile; fileRef = DC39E2222380E6090089377E /* BTabViewController.swift */; };
		DC39E2252380EA630089377E /* BTabBar.swift in Sources */ = {isa = PBXBuildFile; fileRef = DC39E2242380EA630089377E /* BTabBar.swift */; };
		DC5DD256238091AC0094D4FF /* BConstraint.swift in Sources */ = {isa = PBXBuildFile; fileRef = DC5DD255238091AC0094D4FF /* BConstraint.swift */; };
		DC5DD2582380934A0094D4FF /* BButton.swift in Sources */ = {isa = PBXBuildFile; fileRef = DC5DD2572380934A0094D4FF /* BButton.swift */; };
		DC83FAC52380907C00E34DCA /* AppDelegate.swift in Sources */ = {isa = PBXBuildFile; fileRef = DC83FAC42380907C00E34DCA /* AppDelegate.swift */; };
		DC83FAC72380907C00E34DCA /* SceneDelegate.swift in Sources */ = {isa = PBXBuildFile; fileRef = DC83FAC62380907C00E34DCA /* SceneDelegate.swift */; };
		DC83FAC92380907C00E34DCA /* ContentView.swift in Sources */ = {isa = PBXBuildFile; fileRef = DC83FAC82380907C00E34DCA /* ContentView.swift */; };
		DC83FACB2380907C00E34DCA /* Assets.xcassets in Resources */ = {isa = PBXBuildFile; fileRef = DC83FACA2380907C00E34DCA /* Assets.xcassets */; };
		DC83FACE2380907C00E34DCA /* Preview Assets.xcassets in Resources */ = {isa = PBXBuildFile; fileRef = DC83FACD2380907C00E34DCA /* Preview Assets.xcassets */; };
		DC83FAD12380907C00E34DCA /* LaunchScreen.storyboard in Resources */ = {isa = PBXBuildFile; fileRef = DC83FACF2380907C00E34DCA /* LaunchScreen.storyboard */; };
		DC83FAD92380909200E34DCA /* LoginViewController.swift in Sources */ = {isa = PBXBuildFile; fileRef = DC83FAD82380909200E34DCA /* LoginViewController.swift */; };
		DCD2F6602380D1C800C2AE3E /* DismissWavy.swift in Sources */ = {isa = PBXBuildFile; fileRef = DCD2F65F2380D1C800C2AE3E /* DismissWavy.swift */; };
		DCD2F6622380D64200C2AE3E /* HydrationViewController.swift in Sources */ = {isa = PBXBuildFile; fileRef = DCD2F6612380D64200C2AE3E /* HydrationViewController.swift */; };
		DCDCABAF2380B46700B68DDD /* WavyLogin.swift in Sources */ = {isa = PBXBuildFile; fileRef = DCDCABAE2380B46700B68DDD /* WavyLogin.swift */; };
		DCDCABB12380B49F00B68DDD /* BTextField.swift in Sources */ = {isa = PBXBuildFile; fileRef = DCDCABB02380B49F00B68DDD /* BTextField.swift */; };
		DCF73D7E2380F234007920B4 /* Cups.swift in Sources */ = {isa = PBXBuildFile; fileRef = DCF73D7D2380F234007920B4 /* Cups.swift */; };
		DCF73D822380FBD3007920B4 /* CupsCounter.swift in Sources */ = {isa = PBXBuildFile; fileRef = DCF73D812380FBD3007920B4 /* CupsCounter.swift */; };
		DCF73D8423810B18007920B4 /* WavySignup.swift in Sources */ = {isa = PBXBuildFile; fileRef = DCF73D8323810B18007920B4 /* WavySignup.swift */; };
/* End PBXBuildFile section */

/* Begin PBXFileReference section */
		DC2DD9DD2380945100D060DC /* Constants.swift */ = {isa = PBXFileReference; lastKnownFileType = sourcecode.swift; path = Constants.swift; sourceTree = "<group>"; };
		DC2DD9DF2380954700D060DC /* BImageView.swift */ = {isa = PBXFileReference; lastKnownFileType = sourcecode.swift; path = BImageView.swift; sourceTree = "<group>"; };
		DC2DD9E32380989500D060DC /* Color.swift */ = {isa = PBXFileReference; lastKnownFileType = sourcecode.swift; path = Color.swift; sourceTree = "<group>"; };
		DC2DD9E523809F8A00D060DC /* BTitle.swift */ = {isa = PBXFileReference; lastKnownFileType = sourcecode.swift; path = BTitle.swift; sourceTree = "<group>"; };
		DC2DD9E72380A49A00D060DC /* WavyModal.swift */ = {isa = PBXFileReference; lastKnownFileType = sourcecode.swift; path = WavyModal.swift; sourceTree = "<group>"; };
		DC2DD9E92380B08500D060DC /* BLabel.swift */ = {isa = PBXFileReference; lastKnownFileType = sourcecode.swift; path = BLabel.swift; sourceTree = "<group>"; };
		DC39E21C2380D9320089377E /* WalkViewController.swift */ = {isa = PBXFileReference; lastKnownFileType = sourcecode.swift; path = WalkViewController.swift; sourceTree = "<group>"; };
		DC39E21E2380E5C10089377E /* NotificationsViewController.swift */ = {isa = PBXFileReference; lastKnownFileType = sourcecode.swift; path = NotificationsViewController.swift; sourceTree = "<group>"; };
		DC39E2202380E5F10089377E /* StepViewController.swift */ = {isa = PBXFileReference; lastKnownFileType = sourcecode.swift; path = StepViewController.swift; sourceTree = "<group>"; };
		DC39E2222380E6090089377E /* BTabViewController.swift */ = {isa = PBXFileReference; lastKnownFileType = sourcecode.swift; path = BTabViewController.swift; sourceTree = "<group>"; };
		DC39E2242380EA630089377E /* BTabBar.swift */ = {isa = PBXFileReference; lastKnownFileType = sourcecode.swift; path = BTabBar.swift; sourceTree = "<group>"; };
		DC5DD255238091AC0094D4FF /* BConstraint.swift */ = {isa = PBXFileReference; lastKnownFileType = sourcecode.swift; path = BConstraint.swift; sourceTree = "<group>"; };
		DC5DD2572380934A0094D4FF /* BButton.swift */ = {isa = PBXFileReference; lastKnownFileType = sourcecode.swift; name = BButton.swift; path = BuddySystem/Components/BButton.swift; sourceTree = SOURCE_ROOT; };
		DC83FAC12380907C00E34DCA /* BuddySystem.app */ = {isa = PBXFileReference; explicitFileType = wrapper.application; includeInIndex = 0; path = BuddySystem.app; sourceTree = BUILT_PRODUCTS_DIR; };
		DC83FAC42380907C00E34DCA /* AppDelegate.swift */ = {isa = PBXFileReference; lastKnownFileType = sourcecode.swift; path = AppDelegate.swift; sourceTree = "<group>"; };
		DC83FAC62380907C00E34DCA /* SceneDelegate.swift */ = {isa = PBXFileReference; lastKnownFileType = sourcecode.swift; path = SceneDelegate.swift; sourceTree = "<group>"; };
		DC83FAC82380907C00E34DCA /* ContentView.swift */ = {isa = PBXFileReference; lastKnownFileType = sourcecode.swift; path = ContentView.swift; sourceTree = "<group>"; };
		DC83FACA2380907C00E34DCA /* Assets.xcassets */ = {isa = PBXFileReference; lastKnownFileType = folder.assetcatalog; path = Assets.xcassets; sourceTree = "<group>"; };
		DC83FACD2380907C00E34DCA /* Preview Assets.xcassets */ = {isa = PBXFileReference; lastKnownFileType = folder.assetcatalog; path = "Preview Assets.xcassets"; sourceTree = "<group>"; };
		DC83FAD02380907C00E34DCA /* Base */ = {isa = PBXFileReference; lastKnownFileType = file.storyboard; name = Base; path = Base.lproj/LaunchScreen.storyboard; sourceTree = "<group>"; };
		DC83FAD22380907C00E34DCA /* Info.plist */ = {isa = PBXFileReference; lastKnownFileType = text.plist.xml; path = Info.plist; sourceTree = "<group>"; };
		DC83FAD82380909200E34DCA /* LoginViewController.swift */ = {isa = PBXFileReference; lastKnownFileType = sourcecode.swift; path = LoginViewController.swift; sourceTree = "<group>"; };
		DCD2F65F2380D1C800C2AE3E /* DismissWavy.swift */ = {isa = PBXFileReference; lastKnownFileType = sourcecode.swift; path = DismissWavy.swift; sourceTree = "<group>"; };
		DCD2F6612380D64200C2AE3E /* HydrationViewController.swift */ = {isa = PBXFileReference; lastKnownFileType = sourcecode.swift; path = HydrationViewController.swift; sourceTree = "<group>"; };
		DCDCABAE2380B46700B68DDD /* WavyLogin.swift */ = {isa = PBXFileReference; lastKnownFileType = sourcecode.swift; path = WavyLogin.swift; sourceTree = "<group>"; };
		DCDCABB02380B49F00B68DDD /* BTextField.swift */ = {isa = PBXFileReference; lastKnownFileType = sourcecode.swift; path = BTextField.swift; sourceTree = "<group>"; };
		DCF73D7D2380F234007920B4 /* Cups.swift */ = {isa = PBXFileReference; lastKnownFileType = sourcecode.swift; path = Cups.swift; sourceTree = "<group>"; };
		DCF73D812380FBD3007920B4 /* CupsCounter.swift */ = {isa = PBXFileReference; lastKnownFileType = sourcecode.swift; path = CupsCounter.swift; sourceTree = "<group>"; };
		DCF73D8323810B18007920B4 /* WavySignup.swift */ = {isa = PBXFileReference; lastKnownFileType = sourcecode.swift; path = WavySignup.swift; sourceTree = "<group>"; };
/* End PBXFileReference section */

/* Begin PBXFrameworksBuildPhase section */
		DC83FABE2380907C00E34DCA /* Frameworks */ = {
			isa = PBXFrameworksBuildPhase;
			buildActionMask = 2147483647;
			files = (
			);
			runOnlyForDeploymentPostprocessing = 0;
		};
/* End PBXFrameworksBuildPhase section */

/* Begin PBXGroup section */
		DC5DD259238093520094D4FF /* Components */ = {
			isa = PBXGroup;
			children = (
				DCF73D7D2380F234007920B4 /* Cups.swift */,
				DCF73D8323810B18007920B4 /* WavySignup.swift */,
				DCF73D812380FBD3007920B4 /* CupsCounter.swift */,
				DC39E2242380EA630089377E /* BTabBar.swift */,
				DC2DD9E92380B08500D060DC /* BLabel.swift */,
				DCDCABB02380B49F00B68DDD /* BTextField.swift */,
				DC5DD2572380934A0094D4FF /* BButton.swift */,
				DC2DD9DF2380954700D060DC /* BImageView.swift */,
			);
			path = Components;
			sourceTree = "<group>";
		};
		DC83FAB82380907C00E34DCA = {
			isa = PBXGroup;
			children = (
				DC83FAC32380907C00E34DCA /* BuddySystem */,
				DC83FAC22380907C00E34DCA /* Products */,
			);
			sourceTree = "<group>";
		};
		DC83FAC22380907C00E34DCA /* Products */ = {
			isa = PBXGroup;
			children = (
				DC83FAC12380907C00E34DCA /* BuddySystem.app */,
			);
			name = Products;
			sourceTree = "<group>";
		};
		DC83FAC32380907C00E34DCA /* BuddySystem */ = {
			isa = PBXGroup;
			children = (
				DC83FAC42380907C00E34DCA /* AppDelegate.swift */,
				DC83FAC62380907C00E34DCA /* SceneDelegate.swift */,
				DC2DD9E32380989500D060DC /* Color.swift */,
				DC2DD9DD2380945100D060DC /* Constants.swift */,
				DC5DD255238091AC0094D4FF /* BConstraint.swift */,
				DC2DD9E523809F8A00D060DC /* BTitle.swift */,
				DC2DD9E72380A49A00D060DC /* WavyModal.swift */,
				DCD2F65F2380D1C800C2AE3E /* DismissWavy.swift */,
				DCDCABAE2380B46700B68DDD /* WavyLogin.swift */,
				DC5DD259238093520094D4FF /* Components */,
				DC83FADA2380909600E34DCA /* ViewControllers */,
				DC83FAC82380907C00E34DCA /* ContentView.swift */,
				DC83FACA2380907C00E34DCA /* Assets.xcassets */,
				DC83FACF2380907C00E34DCA /* LaunchScreen.storyboard */,
				DC83FAD22380907C00E34DCA /* Info.plist */,
				DC83FACC2380907C00E34DCA /* Preview Content */,
			);
			path = BuddySystem;
			sourceTree = "<group>";
		};
		DC83FACC2380907C00E34DCA /* Preview Content */ = {
			isa = PBXGroup;
			children = (
				DC83FACD2380907C00E34DCA /* Preview Assets.xcassets */,
			);
			path = "Preview Content";
			sourceTree = "<group>";
		};
		DC83FADA2380909600E34DCA /* ViewControllers */ = {
			isa = PBXGroup;
			children = (
				DC39E21C2380D9320089377E /* WalkViewController.swift */,
				DC83FAD82380909200E34DCA /* LoginViewController.swift */,
				DCD2F6612380D64200C2AE3E /* HydrationViewController.swift */,
				DC39E21E2380E5C10089377E /* NotificationsViewController.swift */,
				DC39E2202380E5F10089377E /* StepViewController.swift */,
				DC39E2222380E6090089377E /* BTabViewController.swift */,
			);
			path = ViewControllers;
			sourceTree = "<group>";
		};
/* End PBXGroup section */

/* Begin PBXNativeTarget section */
		DC83FAC02380907C00E34DCA /* BuddySystem */ = {
			isa = PBXNativeTarget;
			buildConfigurationList = DC83FAD52380907C00E34DCA /* Build configuration list for PBXNativeTarget "BuddySystem" */;
			buildPhases = (
				DC83FABD2380907C00E34DCA /* Sources */,
				DC83FABE2380907C00E34DCA /* Frameworks */,
				DC83FABF2380907C00E34DCA /* Resources */,
			);
			buildRules = (
			);
			dependencies = (
			);
			name = BuddySystem;
			productName = BuddySystem;
			productReference = DC83FAC12380907C00E34DCA /* BuddySystem.app */;
			productType = "com.apple.product-type.application";
		};
/* End PBXNativeTarget section */

/* Begin PBXProject section */
		DC83FAB92380907C00E34DCA /* Project object */ = {
			isa = PBXProject;
			attributes = {
				LastSwiftUpdateCheck = 1120;
				LastUpgradeCheck = 1120;
				ORGANIZATIONNAME = "Jing Lin";
				TargetAttributes = {
					DC83FAC02380907C00E34DCA = {
						CreatedOnToolsVersion = 11.2;
					};
				};
			};
			buildConfigurationList = DC83FABC2380907C00E34DCA /* Build configuration list for PBXProject "BuddySystem" */;
			compatibilityVersion = "Xcode 9.3";
			developmentRegion = en;
			hasScannedForEncodings = 0;
			knownRegions = (
				en,
				Base,
			);
			mainGroup = DC83FAB82380907C00E34DCA;
			productRefGroup = DC83FAC22380907C00E34DCA /* Products */;
			projectDirPath = "";
			projectRoot = "";
			targets = (
				DC83FAC02380907C00E34DCA /* BuddySystem */,
			);
		};
/* End PBXProject section */

/* Begin PBXResourcesBuildPhase section */
		DC83FABF2380907C00E34DCA /* Resources */ = {
			isa = PBXResourcesBuildPhase;
			buildActionMask = 2147483647;
			files = (
				DC83FAD12380907C00E34DCA /* LaunchScreen.storyboard in Resources */,
				DC83FACE2380907C00E34DCA /* Preview Assets.xcassets in Resources */,
				DC83FACB2380907C00E34DCA /* Assets.xcassets in Resources */,
			);
			runOnlyForDeploymentPostprocessing = 0;
		};
/* End PBXResourcesBuildPhase section */

/* Begin PBXSourcesBuildPhase section */
		DC83FABD2380907C00E34DCA /* Sources */ = {
			isa = PBXSourcesBuildPhase;
			buildActionMask = 2147483647;
			files = (
				DCF73D7E2380F234007920B4 /* Cups.swift in Sources */,
				DC83FAD92380909200E34DCA /* LoginViewController.swift in Sources */,
				DC39E2212380E5F10089377E /* StepViewController.swift in Sources */,
				DC5DD256238091AC0094D4FF /* BConstraint.swift in Sources */,
				DC83FAC52380907C00E34DCA /* AppDelegate.swift in Sources */,
				DCDCABAF2380B46700B68DDD /* WavyLogin.swift in Sources */,
				DC39E21D2380D9320089377E /* WalkViewController.swift in Sources */,
				DC2DD9E82380A49A00D060DC /* WavyModal.swift in Sources */,
				DC39E2252380EA630089377E /* BTabBar.swift in Sources */,
				DC2DD9E02380954700D060DC /* BImageView.swift in Sources */,
				DCD2F6602380D1C800C2AE3E /* DismissWavy.swift in Sources */,
				DC83FAC72380907C00E34DCA /* SceneDelegate.swift in Sources */,
				DC39E21F2380E5C10089377E /* NotificationsViewController.swift in Sources */,
				DC2DD9DE2380945100D060DC /* Constants.swift in Sources */,
				DCD2F6622380D64200C2AE3E /* HydrationViewController.swift in Sources */,
				DC5DD2582380934A0094D4FF /* BButton.swift in Sources */,
				DCF73D8423810B18007920B4 /* WavySignup.swift in Sources */,
				DC2DD9E623809F8A00D060DC /* BTitle.swift in Sources */,
				DCF73D822380FBD3007920B4 /* CupsCounter.swift in Sources */,
				DC39E2232380E6090089377E /* BTabViewController.swift in Sources */,
				DC2DD9EA2380B08500D060DC /* BLabel.swift in Sources */,
				DC83FAC92380907C00E34DCA /* ContentView.swift in Sources */,
				DCDCABB12380B49F00B68DDD /* BTextField.swift in Sources */,
				DC2DD9E42380989500D060DC /* Color.swift in Sources */,
			);
			runOnlyForDeploymentPostprocessing = 0;
		};
/* End PBXSourcesBuildPhase section */

/* Begin PBXVariantGroup section */
		DC83FACF2380907C00E34DCA /* LaunchScreen.storyboard */ = {
			isa = PBXVariantGroup;
			children = (
				DC83FAD02380907C00E34DCA /* Base */,
			);
			name = LaunchScreen.storyboard;
			sourceTree = "<group>";
		};
/* End PBXVariantGroup section */

/* Begin XCBuildConfiguration section */
		DC83FAD32380907C00E34DCA /* Debug */ = {
			isa = XCBuildConfiguration;
			buildSettings = {
				ALWAYS_SEARCH_USER_PATHS = NO;
				CLANG_ANALYZER_NONNULL = YES;
				CLANG_ANALYZER_NUMBER_OBJECT_CONVERSION = YES_AGGRESSIVE;
				CLANG_CXX_LANGUAGE_STANDARD = "gnu++14";
				CLANG_CXX_LIBRARY = "libc++";
				CLANG_ENABLE_MODULES = YES;
				CLANG_ENABLE_OBJC_ARC = YES;
				CLANG_ENABLE_OBJC_WEAK = YES;
				CLANG_WARN_BLOCK_CAPTURE_AUTORELEASING = YES;
				CLANG_WARN_BOOL_CONVERSION = YES;
				CLANG_WARN_COMMA = YES;
				CLANG_WARN_CONSTANT_CONVERSION = YES;
				CLANG_WARN_DEPRECATED_OBJC_IMPLEMENTATIONS = YES;
				CLANG_WARN_DIRECT_OBJC_ISA_USAGE = YES_ERROR;
				CLANG_WARN_DOCUMENTATION_COMMENTS = YES;
				CLANG_WARN_EMPTY_BODY = YES;
				CLANG_WARN_ENUM_CONVERSION = YES;
				CLANG_WARN_INFINITE_RECURSION = YES;
				CLANG_WARN_INT_CONVERSION = YES;
				CLANG_WARN_NON_LITERAL_NULL_CONVERSION = YES;
				CLANG_WARN_OBJC_IMPLICIT_RETAIN_SELF = YES;
				CLANG_WARN_OBJC_LITERAL_CONVERSION = YES;
				CLANG_WARN_OBJC_ROOT_CLASS = YES_ERROR;
				CLANG_WARN_RANGE_LOOP_ANALYSIS = YES;
				CLANG_WARN_STRICT_PROTOTYPES = YES;
				CLANG_WARN_SUSPICIOUS_MOVE = YES;
				CLANG_WARN_UNGUARDED_AVAILABILITY = YES_AGGRESSIVE;
				CLANG_WARN_UNREACHABLE_CODE = YES;
				CLANG_WARN__DUPLICATE_METHOD_MATCH = YES;
				COPY_PHASE_STRIP = NO;
				DEBUG_INFORMATION_FORMAT = dwarf;
				ENABLE_STRICT_OBJC_MSGSEND = YES;
				ENABLE_TESTABILITY = YES;
				GCC_C_LANGUAGE_STANDARD = gnu11;
				GCC_DYNAMIC_NO_PIC = NO;
				GCC_NO_COMMON_BLOCKS = YES;
				GCC_OPTIMIZATION_LEVEL = 0;
				GCC_PREPROCESSOR_DEFINITIONS = (
					"DEBUG=1",
					"$(inherited)",
				);
				GCC_WARN_64_TO_32_BIT_CONVERSION = YES;
				GCC_WARN_ABOUT_RETURN_TYPE = YES_ERROR;
				GCC_WARN_UNDECLARED_SELECTOR = YES;
				GCC_WARN_UNINITIALIZED_AUTOS = YES_AGGRESSIVE;
				GCC_WARN_UNUSED_FUNCTION = YES;
				GCC_WARN_UNUSED_VARIABLE = YES;
				IPHONEOS_DEPLOYMENT_TARGET = 13.2;
				MTL_ENABLE_DEBUG_INFO = INCLUDE_SOURCE;
				MTL_FAST_MATH = YES;
				ONLY_ACTIVE_ARCH = YES;
				SDKROOT = iphoneos;
				SWIFT_ACTIVE_COMPILATION_CONDITIONS = DEBUG;
				SWIFT_OPTIMIZATION_LEVEL = "-Onone";
			};
			name = Debug;
		};
		DC83FAD42380907C00E34DCA /* Release */ = {
			isa = XCBuildConfiguration;
			buildSettings = {
				ALWAYS_SEARCH_USER_PATHS = NO;
				CLANG_ANALYZER_NONNULL = YES;
				CLANG_ANALYZER_NUMBER_OBJECT_CONVERSION = YES_AGGRESSIVE;
				CLANG_CXX_LANGUAGE_STANDARD = "gnu++14";
				CLANG_CXX_LIBRARY = "libc++";
				CLANG_ENABLE_MODULES = YES;
				CLANG_ENABLE_OBJC_ARC = YES;
				CLANG_ENABLE_OBJC_WEAK = YES;
				CLANG_WARN_BLOCK_CAPTURE_AUTORELEASING = YES;
				CLANG_WARN_BOOL_CONVERSION = YES;
				CLANG_WARN_COMMA = YES;
				CLANG_WARN_CONSTANT_CONVERSION = YES;
				CLANG_WARN_DEPRECATED_OBJC_IMPLEMENTATIONS = YES;
				CLANG_WARN_DIRECT_OBJC_ISA_USAGE = YES_ERROR;
				CLANG_WARN_DOCUMENTATION_COMMENTS = YES;
				CLANG_WARN_EMPTY_BODY = YES;
				CLANG_WARN_ENUM_CONVERSION = YES;
				CLANG_WARN_INFINITE_RECURSION = YES;
				CLANG_WARN_INT_CONVERSION = YES;
				CLANG_WARN_NON_LITERAL_NULL_CONVERSION = YES;
				CLANG_WARN_OBJC_IMPLICIT_RETAIN_SELF = YES;
				CLANG_WARN_OBJC_LITERAL_CONVERSION = YES;
				CLANG_WARN_OBJC_ROOT_CLASS = YES_ERROR;
				CLANG_WARN_RANGE_LOOP_ANALYSIS = YES;
				CLANG_WARN_STRICT_PROTOTYPES = YES;
				CLANG_WARN_SUSPICIOUS_MOVE = YES;
				CLANG_WARN_UNGUARDED_AVAILABILITY = YES_AGGRESSIVE;
				CLANG_WARN_UNREACHABLE_CODE = YES;
				CLANG_WARN__DUPLICATE_METHOD_MATCH = YES;
				COPY_PHASE_STRIP = NO;
				DEBUG_INFORMATION_FORMAT = "dwarf-with-dsym";
				ENABLE_NS_ASSERTIONS = NO;
				ENABLE_STRICT_OBJC_MSGSEND = YES;
				GCC_C_LANGUAGE_STANDARD = gnu11;
				GCC_NO_COMMON_BLOCKS = YES;
				GCC_WARN_64_TO_32_BIT_CONVERSION = YES;
				GCC_WARN_ABOUT_RETURN_TYPE = YES_ERROR;
				GCC_WARN_UNDECLARED_SELECTOR = YES;
				GCC_WARN_UNINITIALIZED_AUTOS = YES_AGGRESSIVE;
				GCC_WARN_UNUSED_FUNCTION = YES;
				GCC_WARN_UNUSED_VARIABLE = YES;
				IPHONEOS_DEPLOYMENT_TARGET = 13.2;
				MTL_ENABLE_DEBUG_INFO = NO;
				MTL_FAST_MATH = YES;
				SDKROOT = iphoneos;
				SWIFT_COMPILATION_MODE = wholemodule;
				SWIFT_OPTIMIZATION_LEVEL = "-O";
				VALIDATE_PRODUCT = YES;
			};
			name = Release;
		};
		DC83FAD62380907C00E34DCA /* Debug */ = {
			isa = XCBuildConfiguration;
			buildSettings = {
				ASSETCATALOG_COMPILER_APPICON_NAME = AppIcon;
				CODE_SIGN_STYLE = Automatic;
				DEVELOPMENT_ASSET_PATHS = "\"BuddySystem/Preview Content\"";
				DEVELOPMENT_TEAM = RVL5FPMMX7;
				ENABLE_PREVIEWS = YES;
				INFOPLIST_FILE = BuddySystem/Info.plist;
				IPHONEOS_DEPLOYMENT_TARGET = 13.0;
				LD_RUNPATH_SEARCH_PATHS = (
					"$(inherited)",
					"@executable_path/Frameworks",
				);
				PRODUCT_BUNDLE_IDENTIFIER = moderatelyfunctionalprogrammers.BuddySystem;
				PRODUCT_NAME = "$(TARGET_NAME)";
				SWIFT_VERSION = 5.0;
				TARGETED_DEVICE_FAMILY = "1,2";
			};
			name = Debug;
		};
		DC83FAD72380907C00E34DCA /* Release */ = {
			isa = XCBuildConfiguration;
			buildSettings = {
				ASSETCATALOG_COMPILER_APPICON_NAME = AppIcon;
				CODE_SIGN_STYLE = Automatic;
				DEVELOPMENT_ASSET_PATHS = "\"BuddySystem/Preview Content\"";
				DEVELOPMENT_TEAM = RVL5FPMMX7;
				ENABLE_PREVIEWS = YES;
				INFOPLIST_FILE = BuddySystem/Info.plist;
				IPHONEOS_DEPLOYMENT_TARGET = 13.0;
				LD_RUNPATH_SEARCH_PATHS = (
					"$(inherited)",
					"@executable_path/Frameworks",
				);
				PRODUCT_BUNDLE_IDENTIFIER = moderatelyfunctionalprogrammers.BuddySystem;
				PRODUCT_NAME = "$(TARGET_NAME)";
				SWIFT_VERSION = 5.0;
				TARGETED_DEVICE_FAMILY = "1,2";
			};
			name = Release;
		};
/* End XCBuildConfiguration section */

/* Begin XCConfigurationList section */
		DC83FABC2380907C00E34DCA /* Build configuration list for PBXProject "BuddySystem" */ = {
			isa = XCConfigurationList;
			buildConfigurations = (
				DC83FAD32380907C00E34DCA /* Debug */,
				DC83FAD42380907C00E34DCA /* Release */,
			);
			defaultConfigurationIsVisible = 0;
			defaultConfigurationName = Release;
		};
		DC83FAD52380907C00E34DCA /* Build configuration list for PBXNativeTarget "BuddySystem" */ = {
			isa = XCConfigurationList;
			buildConfigurations = (
				DC83FAD62380907C00E34DCA /* Debug */,
				DC83FAD72380907C00E34DCA /* Release */,
			);
			defaultConfigurationIsVisible = 0;
			defaultConfigurationName = Release;
		};
/* End XCConfigurationList section */
	};
	rootObject = DC83FAB92380907C00E34DCA /* Project object */;
}
